
Microsoft Visual Studio Solution File, Format Version 12.00
# Visual Studio 15
VisualStudioVersion = 15.0.27703.2018
MinimumVisualStudioVersion = 10.0.40219.1
Project("{8BC9CEB8-8B4A-11D0-8D11-00A0C91BC942}") = "jpeg_test", "jpeg_test\jpeg_test.vcxproj", "{406A700F-FFB4-40D9-B0F6-E3DF639BFC7F}"
EndProject
Global
	GlobalSection(SolutionConfigurationPlatforms) = preSolution
		Debug|x64 = Debug|x64
		Debug|x86 = Debug|x86
		Release|x64 = Release|x64
		Release|x86 = Release|x86
	EndGlobalSection
	GlobalSection(ProjectConfigurationPlatforms) = postSolution
		{406A700F-FFB4-40D9-B0F6-E3DF639BFC7F}.Debug|x64.ActiveCfg = Debug|x64
		{406A700F-FFB4-40D9-B0F6-E3DF639BFC7F}.Debug|x64.Build.0 = Debug|x64
		{406A700F-FFB4-40D9-B0F6-E3DF639BFC7F}.Debug|x86.ActiveCfg = Debug|Win32
		{406A700F-FFB4-40D9-B0F6-E3DF639BFC7F}.Debug|x86.Build.0 = Debug|Win32
		{406A700F-FFB4-40D9-B0F6-E3DF639BFC7F}.Release|x64.ActiveCfg = Release|x64
		{406A700F-FFB4-40D9-B0F6-E3DF639BFC7F}.Release|x64.Build.0 = Release|x64
		{406A700F-FFB4-40D9-B0F6-E3DF639BFC7F}.Release|x86.ActiveCfg = Release|Win32
		{406A700F-FFB4-40D9-B0F6-E3DF639BFC7F}.Release|x86.Build.0 = Release|Win32
	EndGlobalSection
	GlobalSection(SolutionProperties) = preSolution
		HideSolutionNode = FALSE
	EndGlobalSection
	GlobalSection(ExtensibilityGlobals) = postSolution
		SolutionGuid = {38252680-2957-40CD-8A06-2B3E668AA972}
	EndGlobalSection
EndGlobal
